Microsoft Visual Studio Solution File, Format Version 12.00
# Visual Studio Version 17
VisualStudioVersion = 17.5.2.0
MinimumVisualStudioVersion = 10.0.40219.1
Project("{FAE04EC0-301F-11D3-BF4B-00C04F79EFBC}") = "CosmosFunctions", "CosmosFunctions.csproj", "{158A2948-C456-E81E-4EA3-672DA12617D8}"
EndProject
Global
	GlobalSection(SolutionConfigurationPlatforms) = preSolution
		Debug|Any CPU = Debug|Any CPU
		Release|Any CPU = Release|Any CPU
	EndGlobalSection
	GlobalSection(ProjectConfigurationPlatforms) = postSolution
		{158A2948-C456-E81E-4EA3-672DA12617D8}.Debug|Any CPU.ActiveCfg = Debug|Any CPU
		{158A2948-C456-E81E-4EA3-672DA12617D8}.Debug|Any CPU.Build.0 = Debug|Any CPU
		{158A2948-C456-E81E-4EA3-672DA12617D8}.Release|Any CPU.ActiveCfg = Release|Any CPU
		{158A2948-C456-E81E-4EA3-672DA12617D8}.Release|Any CPU.Build.0 = Release|Any CPU
	EndGlobalSection
	GlobalSection(SolutionProperties) = preSolution
		HideSolutionNode = FALSE
	EndGlobalSection
	GlobalSection(ExtensibilityGlobals) = postSolution
		SolutionGuid = {A535BCFF-19D3-468E-8092-0F0AADADFF3C}
	EndGlobalSection
EndGlobal
